
Microsoft Visual Studio Solution File, Format Version 12.00
# Visual Studio Version 16
VisualStudioVersion = 16.0.31205.134
MinimumVisualStudioVersion = 10.0.40219.1
Project("{9A19103F-16F7-4668-BE54-9A1E7A4F7556}") = "TrackTime", "TrackTime\TrackTime.csproj", "{94F8D9B5-ED40-41D9-BE64-9EDCFC0E3774}"
EndProject
Project("{9A19103F-16F7-4668-BE54-9A1E7A4F7556}") = "TrackTime.Core", "TrackTime.Core\TrackTime.Core.csproj", "{4A6D7F26-F439-4CF9-9C49-80FDBEF461E2}"
EndProject
Project("{FAE04EC0-301F-11D3-BF4B-00C04F79EFBC}") = "TrackTime.Test", "TrackTime.Test\TrackTime.Test.csproj", "{36DAB0D3-8234-4606-947E-B2C38739C966}"
EndProject
Global
	GlobalSection(SolutionConfigurationPlatforms) = preSolution
		Debug|Any CPU = Debug|Any CPU
		Release|Any CPU = Release|Any CPU
	EndGlobalSection
	GlobalSection(ProjectConfigurationPlatforms) = postSolution
		{94F8D9B5-ED40-41D9-BE64-9EDCFC0E3774}.Debug|Any CPU.ActiveCfg = Debug|Any CPU
		{94F8D9B5-ED40-41D9-BE64-9EDCFC0E3774}.Debug|Any CPU.Build.0 = Debug|Any CPU
		{94F8D9B5-ED40-41D9-BE64-9EDCFC0E3774}.Release|Any CPU.ActiveCfg = Release|Any CPU
		{94F8D9B5-ED40-41D9-BE64-9EDCFC0E3774}.Release|Any CPU.Build.0 = Release|Any CPU
		{4A6D7F26-F439-4CF9-9C49-80FDBEF461E2}.Debug|Any CPU.ActiveCfg = Debug|Any CPU
		{4A6D7F26-F439-4CF9-9C49-80FDBEF461E2}.Debug|Any CPU.Build.0 = Debug|Any CPU
		{4A6D7F26-F439-4CF9-9C49-80FDBEF461E2}.Release|Any CPU.ActiveCfg = Release|Any CPU
		{4A6D7F26-F439-4CF9-9C49-80FDBEF461E2}.Release|Any CPU.Build.0 = Release|Any CPU
		{36DAB0D3-8234-4606-947E-B2C38739C966}.Debug|Any CPU.ActiveCfg = Debug|Any CPU
		{36DAB0D3-8234-4606-947E-B2C38739C966}.Debug|Any CPU.Build.0 = Debug|Any CPU
		{36DAB0D3-8234-4606-947E-B2C38739C966}.Release|Any CPU.ActiveCfg = Release|Any CPU
		{36DAB0D3-8234-4606-947E-B2C38739C966}.Release|Any CPU.Build.0 = Release|Any CPU
	EndGlobalSection
	GlobalSection(SolutionProperties) = preSolution
		HideSolutionNode = FALSE
	EndGlobalSection
	GlobalSection(ExtensibilityGlobals) = postSolution
		SolutionGuid = {37635F67-F67C-478D-A47C-0391921A8053}
	EndGlobalSection
EndGlobal
